
Microsoft Visual Studio Solution File, Format Version 12.00
# Visual Studio Version 17
VisualStudioVersion = 17.14.36109.1 d17.14
MinimumVisualStudioVersion = 10.0.40219.1
Project("{FAE04EC0-301F-11D3-BF4B-00C04F79EFBC}") = "Dynamic Time-Table Generator", "Dynamic Time-Table Generator\Dynamic Time-Table Generator.csproj", "{A18025FF-9960-4235-907E-12EC9D254A57}"
EndProject
Global
	GlobalSection(SolutionConfigurationPlatforms) = preSolution
		Debug|Any CPU = Debug|Any CPU
		Release|Any CPU = Release|Any CPU
	EndGlobalSection
	GlobalSection(ProjectConfigurationPlatforms) = postSolution
		{A18025FF-9960-4235-907E-12EC9D254A57}.Debug|Any CPU.ActiveCfg = Debug|Any CPU
		{A18025FF-9960-4235-907E-12EC9D254A57}.Debug|Any CPU.Build.0 = Debug|Any CPU
		{A18025FF-9960-4235-907E-12EC9D254A57}.Release|Any CPU.ActiveCfg = Release|Any CPU
		{A18025FF-9960-4235-907E-12EC9D254A57}.Release|Any CPU.Build.0 = Release|Any CPU
	EndGlobalSection
	GlobalSection(SolutionProperties) = preSolution
		HideSolutionNode = FALSE
	EndGlobalSection
	GlobalSection(ExtensibilityGlobals) = postSolution
		SolutionGuid = {8876C443-0EAE-4D28-AD87-DB91D5603F49}
	EndGlobalSection
EndGlobal
